# This file is automatically @generated by Poetry 1.8.2 and should not be changed by hand.

[[package]]
name = "attrs"
version = "24.3.0"
description = "Classes Without Boilerplate"
optional = false
python-versions = ">=3.8"
files = [
    {file = "attrs-24.3.0-py3-none-any.whl", hash = "sha256:ac96cd038792094f438ad1f6ff80837353805ac950cd2aa0e0625ef19850c308"},
    {file = "attrs-24.3.0.tar.gz", hash = "sha256:8f5c07333d543103541ba7be0e2ce16eeee8130cb0b3f9238ab904ce1e85baff"},
]

[package.extras]
benchmark = ["cloudpickle", "hypothesis", "mypy (>=1.11.1)", "pympler", "pytest (>=4.3.0)", "pytest-codspeed", "pytest-mypy-plugins", "pytest-xdist[psutil]"]
cov = ["cloudpickle", "coverage[toml] (>=5.3)", "hypothesis", "mypy (>=1.11.1)", "pympler", "pytest (>=4.3.0)", "pytest-mypy-plugins", "pytest-xdist[psutil]"]
dev = ["cloudpickle", "hypothesis", "mypy (>=1.11.1)", "pre-commit-uv", "pympler", "pytest (>=4.3.0)", "pytest-mypy-plugins", "pytest-xdist[psutil]"]
docs = ["cogapp", "furo", "myst-parser", "sphinx", "sphinx-notfound-page", "sphinxcontrib-towncrier", "towncrier (<24.7)"]
tests = ["cloudpickle", "hypothesis", "mypy (>=1.11.1)", "pympler", "pytest (>=4.3.0)", "pytest-mypy-plugins", "pytest-xdist[psutil]"]
tests-mypy = ["mypy (>=1.11.1)", "pytest-mypy-plugins"]

[[package]]
name = "aws-encryption-sdk"
version = "4.0.0"
description = "AWS Encryption SDK implementation for Python"
optional = false
python-versions = "*"
files = [
    {file = "aws-encryption-sdk-4.0.0.tar.gz", hash = "sha256:57df8b5c1b9f18db4373c6e8e65563791063a71be93d0849950ed365272db354"},
    {file = "aws_encryption_sdk-4.0.0-py2.py3-none-any.whl", hash = "sha256:a94483785dff2cd166ccb8f3a15cdfe5cba7a3717f6604543c816a3a32f7c412"},
]

[package.dependencies]
attrs = ">=17.4.0"
boto3 = ">=1.10.0"
cryptography = ">=3.4.6"
wrapt = ">=1.10.11"

[package.extras]
mpl = ["aws-cryptographic-material-providers (==1.7.4)"]

[[package]]
name = "aws-lambda-powertools"
version = "3.4.0"
description = "Powertools for AWS Lambda (Python) is a developer toolkit to implement Serverless best practices and increase developer velocity."
optional = false
python-versions = "<4.0.0,>=3.8"
files = [
    {file = "aws_lambda_powertools-3.4.0-py3-none-any.whl", hash = "sha256:503e66b488e397085a819acf20816e1867214c0d163a1f9f8e550df932fca699"},
    {file = "aws_lambda_powertools-3.4.0.tar.gz", hash = "sha256:794a41a7595a98e7798bebaf957d37ad60a9736577c0a5ac66a1198742b4b109"},
]

[package.dependencies]
aws-encryption-sdk = {version = ">=3.1.1,<5.0.0", optional = true, markers = "extra == \"all\" or extra == \"datamasking\""}
aws-xray-sdk = {version = ">=2.8.0,<3.0.0", optional = true, markers = "extra == \"tracer\" or extra == \"all\""}
jmespath = ">=1.0.1,<2.0.0"
jsonpath-ng = {version = ">=1.6.0,<2.0.0", optional = true, markers = "extra == \"all\" or extra == \"datamasking\""}
typing-extensions = ">=4.11.0,<5.0.0"

[package.extras]
all = ["aws-encryption-sdk (>=3.1.1,<5.0.0)", "aws-xray-sdk (>=2.8.0,<3.0.0)", "fastjsonschema (>=2.14.5,<3.0.0)", "jsonpath-ng (>=1.6.0,<2.0.0)", "pydantic (>=2.4.0,<3.0.0)", "pydantic-settings (>=2.6.1,<3.0.0)"]
aws-sdk = ["boto3 (>=1.34.32,<2.0.0)"]
datadog = ["datadog-lambda (>=4.77,<7.0)"]
datamasking = ["aws-encryption-sdk (>=3.1.1,<5.0.0)", "jsonpath-ng (>=1.6.0,<2.0.0)"]
parser = ["pydantic (>=2.4.0,<3.0.0)"]
redis = ["redis (>=4.4,<6.0)"]
tracer = ["aws-xray-sdk (>=2.8.0,<3.0.0)"]
validation = ["fastjsonschema (>=2.14.5,<3.0.0)"]

[[package]]
name = "aws-xray-sdk"
version = "2.14.0"
description = "The AWS X-Ray SDK for Python (the SDK) enables Python developers to record and emit information from within their applications to the AWS X-Ray service."
optional = false
python-versions = ">=3.7"
files = [
    {file = "aws_xray_sdk-2.14.0-py2.py3-none-any.whl", hash = "sha256:cfbe6feea3d26613a2a869d14c9246a844285c97087ad8f296f901633554ad94"},
    {file = "aws_xray_sdk-2.14.0.tar.gz", hash = "sha256:aab843c331af9ab9ba5cefb3a303832a19db186140894a523edafc024cc0493c"},
]

[package.dependencies]
botocore = ">=1.11.3"
wrapt = "*"

[[package]]
name = "boto3"
version = "1.35.97"
description = "The AWS SDK for Python"
optional = false
python-versions = ">=3.8"
files = [
    {file = "boto3-1.35.97-py3-none-any.whl", hash = "sha256:8e49416216a6e3a62c2a0c44fba4dd2852c85472e7b702516605b1363867d220"},
    {file = "boto3-1.35.97.tar.gz", hash = "sha256:7d398f66a11e67777c189d1f58c0a75d9d60f98d0ee51b8817e828930bf19e4e"},
]

[package.dependencies]
botocore = ">=1.35.97,<1.36.0"
jmespath = ">=0.7.1,<2.0.0"
s3transfer = ">=0.10.0,<0.11.0"

[package.extras]
crt = ["botocore[crt] (>=1.21.0,<2.0a0)"]

[[package]]
name = "botocore"
version = "1.35.97"
description = "Low-level, data-driven core of boto 3."
optional = false
python-versions = ">=3.8"
files = [
    {file = "botocore-1.35.97-py3-none-any.whl", hash = "sha256:fed4f156b1a9b8ece53738f702ba5851b8c6216b4952de326547f349cc494f14"},
    {file = "botocore-1.35.97.tar.gz", hash = "sha256:88f2fab29192ffe2f2115d5bafbbd823ff4b6eb2774296e03ec8b5b0fe074f61"},
]

[package.dependencies]
jmespath = ">=0.7.1,<2.0.0"
python-dateutil = ">=2.1,<3.0.0"
urllib3 = {version = ">=1.25.4,<2.2.0 || >2.2.0,<3", markers = "python_version >= \"3.10\""}

[package.extras]
crt = ["awscrt (==0.22.0)"]

[[package]]
name = "cffi"
version = "1.17.1"
description = "Foreign Function Interface for Python calling C code."
optional = false
python-versions = ">=3.8"
files = [
    {file = "cffi-1.17.1-cp310-cp310-macosx_10_9_x86_64.whl", hash = "sha256:df8b1c11f177bc2313ec4b2d46baec87a5f3e71fc8b45dab2ee7cae86d9aba14"},
    {file = "cffi-1.17.1-cp310-cp310-macosx_11_0_arm64.whl", hash = "sha256:8f2cdc858323644ab277e9bb925ad72ae0e67f69e804f4898c070998d50b1a67"},
    {file = "cffi-1.17.1-cp310-cp310-manylinux_2_12_i686.manylinux2010_i686.manylinux_2_17_i686.manylinux2014_i686.whl", hash = "sha256:edae79245293e15384b51f88b00613ba9f7198016a5948b5dddf4917d4d26382"},
    {file = "cffi-1.17.1-cp310-cp310-manylinux_2_17_aarch64.manylinux2014_aarch64.whl", hash = "sha256:45398b671ac6d70e67da8e4224a065cec6a93541bb7aebe1b198a61b58c7b702"},
    {file = "cffi-1.17.1-cp310-cp310-manylinux_2_17_ppc64le.manylinux2014_ppc64le.whl", hash = "sha256:ad9413ccdeda48c5afdae7e4fa2192157e991ff761e7ab8fdd8926f40b160cc3"},
    {file = "cffi-1.17.1-cp310-cp310-manylinux_2_17_s390x.manylinux2014_s390x.whl", hash = "sha256:5da5719280082ac6bd9aa7becb3938dc9f9cbd57fac7d2871717b1feb0902ab6"},
    {file = "cffi-1.17.1-cp310-cp310-manylinux_2_17_x86_64.manylinux2014_x86_64.whl", hash = "sha256:2bb1a08b8008b281856e5971307cc386a8e9c5b625ac297e853d36da6efe9c17"},
    {file = "cffi-1.17.1-cp310-cp310-musllinux_1_1_aarch64.whl", hash = "sha256:045d61c734659cc045141be4bae381a41d89b741f795af1dd018bfb532fd0df8"},
    {file = "cffi-1.17.1-cp310-cp310-musllinux_1_1_i686.whl", hash = "sha256:6883e737d7d9e4899a8a695e00ec36bd4e5e4f18fabe0aca0efe0a4b44cdb13e"},
    {file = "cffi-1.17.1-cp310-cp310-musllinux_1_1_x86_64.whl", hash = "sha256:6b8b4a92e1c65048ff98cfe1f735ef8f1ceb72e3d5f0c25fdb12087a23da22be"},
    {file = "cffi-1.17.1-cp310-cp310-win32.whl", hash = "sha256:c9c3d058ebabb74db66e431095118094d06abf53284d9c81f27300d0e0d8bc7c"},
    {file = "cffi-1.17.1-cp310-cp310-win_amd64.whl", hash = "sha256:0f048dcf80db46f0098ccac01132761580d28e28bc0f78ae0d58048063317e15"},
    {file = "cffi-1.17.1-cp311-cp311-macosx_10_9_x86_64.whl", hash = "sha256:a45e3c6913c5b87b3ff120dcdc03f6131fa0065027d0ed7ee6190736a74cd401"},
    {file = "cffi-1.17.1-cp311-cp311-macosx_11_0_arm64.whl", hash = "sha256:30c5e0cb5ae493c04c8b42916e52ca38079f1b235c2f8ae5f4527b963c401caf"},
    {file = "cffi-1.17.1-cp311-cp311-manylinux_2_12_i686.manylinux2010_i686.manylinux_2_17_i686.manylinux2014_i686.whl", hash = "sha256:f75c7ab1f9e4aca5414ed4d8e5c0e303a34f4421f8a0d47a4d019ceff0ab6af4"},
    {file = "cffi-1.17.1-cp311-cp311-manylinux_2_17_aarch64.manylinux2014_aarch64.whl", hash = "sha256:a1ed2dd2972641495a3ec98445e09766f077aee98a1c896dcb4ad0d303628e41"},
    {file = "cffi-1.17.1-cp311-cp311-manylinux_2_17_ppc64le.manylinux2014_ppc64le.whl", hash = "sha256:46bf43160c1a35f7ec506d254e5c890f3c03648a4dbac12d624e4490a7046cd1"},
    {file = "cffi-1.17.1-cp311-cp311-manylinux_2_17_s390x.manylinux2014_s390x.whl", hash = "sha256:a24ed04c8ffd54b0729c07cee15a81d964e6fee0e3d4d342a27b020d22959dc6"},
    {file = "cffi-1.17.1-cp311-cp311-manylinux_2_17_x86_64.manylinux2014_x86_64.whl", hash = "sha256:610faea79c43e44c71e1ec53a554553fa22321b65fae24889706c0a84d4ad86d"},
    {file = "cffi-1.17.1-cp311-cp311-musllinux_1_1_aarch64.whl", hash = "sha256:a9b15d491f3ad5d692e11f6b71f7857e7835eb677955c00cc0aefcd0669adaf6"},
    {file = "cffi-1.17.1-cp311-cp311-musllinux_1_1_i686.whl", hash = "sha256:de2ea4b5833625383e464549fec1bc395c1bdeeb5f25c4a3a82b5a8c756ec22f"},
    {file = "cffi-1.17.1-cp311-cp311-musllinux_1_1_x86_64.whl", hash = "sha256:fc48c783f9c87e60831201f2cce7f3b2e4846bf4d8728eabe54d60700b318a0b"},
    {file = "cffi-1.17.1-cp311-cp311-win32.whl", hash = "sha256:85a950a4ac9c359340d5963966e3e0a94a676bd6245a4b55bc43949eee26a655"},
    {file = "cffi-1.17.1-cp311-cp311-win_amd64.whl", hash = "sha256:caaf0640ef5f5517f49bc275eca1406b0ffa6aa184892812030f04c2abf589a0"},
    {file = "cffi-1.17.1-cp312-cp312-macosx_10_9_x86_64.whl", hash = "sha256:805b4371bf7197c329fcb3ead37e710d1bca9da5d583f5073b799d5c5bd1eee4"},
    {file = "cffi-1.17.1-cp312-cp312-macosx_11_0_arm64.whl", hash = "sha256:733e99bc2df47476e3848417c5a4540522f234dfd4ef3ab7fafdf555b082ec0c"},
    {file = "cffi-1.17.1-cp312-cp312-manylinux_2_12_i686.manylinux2010_i686.manylinux_2_17_i686.manylinux2014_i686.whl", hash = "sha256:1257bdabf294dceb59f5e70c64a3e2f462c30c7ad68092d01bbbfb1c16b1ba36"},
    {file = "cffi-1.17.1-cp312-cp312-manylinux_2_17_aarch64.manylinux2014_aarch64.whl", hash = "sha256:da95af8214998d77a98cc14e3a3bd00aa191526343078b530ceb0bd710fb48a5"},
    {file = "cffi-1.17.1-cp312-cp312-manylinux_2_17_ppc64le.manylinux2014_ppc64le.whl", hash = "sha256:d63afe322132c194cf832bfec0dc69a99fb9bb6bbd550f161a49e9e855cc78ff"},
    {file = "cffi-1.17.1-cp312-cp312-manylinux_2_17_s390x.manylinux2014_s390x.whl", hash = "sha256:f79fc4fc25f1c8698ff97788206bb3c2598949bfe0fef03d299eb1b5356ada99"},
    {file = "cffi-1.17.1-cp312-cp312-manylinux_2_17_x86_64.manylinux2014_x86_64.whl", hash = "sha256:b62ce867176a75d03a665bad002af8e6d54644fad99a3c70905c543130e39d93"},
    {file = "cffi-1.17.1-cp312-cp312-musllinux_1_1_aarch64.whl", hash = "sha256:386c8bf53c502fff58903061338ce4f4950cbdcb23e2902d86c0f722b786bbe3"},
    {file = "cffi-1.17.1-cp312-cp312-musllinux_1_1_x86_64.whl", hash = "sha256:4ceb10419a9adf4460ea14cfd6bc43d08701f0835e979bf821052f1805850fe8"},
    {file = "cffi-1.17.1-cp312-cp312-win32.whl", hash = "sha256:a08d7e755f8ed21095a310a693525137cfe756ce62d066e53f502a83dc550f65"},
    {file = "cffi-1.17.1-cp312-cp312-win_amd64.whl", hash = "sha256:51392eae71afec0d0c8fb1a53b204dbb3bcabcb3c9b807eedf3e1e6ccf2de903"},
    {file = "cffi-1.17.1-cp313-cp313-macosx_10_13_x86_64.whl", hash = "sha256:f3a2b4222ce6b60e2e8b337bb9596923045681d71e5a082783484d845390938e"},
    {file = "cffi-1.17.1-cp313-cp313-macosx_11_0_arm64.whl", hash = "sha256:0984a4925a435b1da406122d4d7968dd861c1385afe3b45ba82b750f229811e2"},
    {file = "cffi-1.17.1-cp313-cp313-manylinux_2_12_i686.manylinux2010_i686.manylinux_2_17_i686.manylinux2014_i686.whl", hash = "sha256:d01b12eeeb4427d3110de311e1774046ad344f5b1a7403101878976ecd7a10f3"},
    {file = "cffi-1.17.1-cp313-cp313-manylinux_2_17_aarch64.manylinux2014_aarch64.whl", hash = "sha256:706510fe141c86a69c8ddc029c7910003a17353970cff3b904ff0686a5927683"},
    {file = "cffi-1.17.1-cp313-cp313-manylinux_2_17_ppc64le.manylinux2014_ppc64le.whl", hash = "sha256:de55b766c7aa2e2a3092c51e0483d700341182f08e67c63630d5b6f200bb28e5"},
    {file = "cffi-1.17.1-cp313-cp313-manylinux_2_17_s390x.manylinux2014_s390x.whl", hash = "sha256:c59d6e989d07460165cc5ad3c61f9fd8f1b4796eacbd81cee78957842b834af4"},
    {file = "cffi-1.17.1-cp313-cp313-manylinux_2_17_x86_64.manylinux2014_x86_64.whl", hash = "sha256:dd398dbc6773384a17fe0d3e7eeb8d1a21c2200473ee6806bb5e6a8e62bb73dd"},
    {file = "cffi-1.17.1-cp313-cp313-musllinux_1_1_aarch64.whl", hash = "sha256:3edc8d958eb099c634dace3c7e16560ae474aa3803a5df240542b305d14e14ed"},
    {file = "cffi-1.17.1-cp313-cp313-musllinux_1_1_x86_64.whl", hash = "sha256:72e72408cad3d5419375fc87d289076ee319835bdfa2caad331e377589aebba9"},
    {file = "cffi-1.17.1-cp313-cp313-win32.whl", hash = "sha256:e03eab0a8677fa80d646b5ddece1cbeaf556c313dcfac435ba11f107ba117b5d"},
    {file = "cffi-1.17.1-cp313-cp313-win_amd64.whl", hash = "sha256:f6a16c31041f09ead72d69f583767292f750d24913dadacf5756b966aacb3f1a"},
    {file = "cffi-1.17.1-cp38-cp38-macosx_10_9_x86_64.whl", hash = "sha256:636062ea65bd0195bc012fea9321aca499c0504409f413dc88af450b57ffd03b"},
    {file = "cffi-1.17.1-cp38-cp38-manylinux_2_12_i686.manylinux2010_i686.manylinux_2_17_i686.manylinux2014_i686.whl", hash = "sha256:c7eac2ef9b63c79431bc4b25f1cd649d7f061a28808cbc6c47b534bd789ef964"},
    {file = "cffi-1.17.1-cp38-cp38-manylinux_2_17_aarch64.manylinux2014_aarch64.whl", hash = "sha256:e221cf152cff04059d011ee126477f0d9588303eb57e88923578ace7baad17f9"},
    {file = "cffi-1.17.1-cp38-cp38-manylinux_2_17_ppc64le.manylinux2014_ppc64le.whl", hash = "sha256:31000ec67d4221a71bd3f67df918b1f88f676f1c3b535a7eb473255fdc0b83fc"},
    {file = "cffi-1.17.1-cp38-cp38-manylinux_2_17_s390x.manylinux2014_s390x.whl", hash = "sha256:6f17be4345073b0a7b8ea599688f692ac3ef23ce28e5df79c04de519dbc4912c"},
    {file = "cffi-1.17.1-cp38-cp38-manylinux_2_17_x86_64.manylinux2014_x86_64.whl", hash = "sha256:0e2b1fac190ae3ebfe37b979cc1ce69c81f4e4fe5746bb401dca63a9062cdaf1"},
    {file = "cffi-1.17.1-cp38-cp38-win32.whl", hash = "sha256:7596d6620d3fa590f677e9ee430df2958d2d6d6de2feeae5b20e82c00b76fbf8"},
    {file = "cffi-1.17.1-cp38-cp38-win_amd64.whl", hash = "sha256:78122be759c3f8a014ce010908ae03364d00a1f81ab5c7f4a7a5120607ea56e1"},
    {file = "cffi-1.17.1-cp39-cp39-macosx_10_9_x86_64.whl", hash = "sha256:b2ab587605f4ba0bf81dc0cb08a41bd1c0a5906bd59243d56bad7668a6fc6c16"},
    {file = "cffi-1.17.1-cp39-cp39-macosx_11_0_arm64.whl", hash = "sha256:28b16024becceed8c6dfbc75629e27788d8a3f9030691a1dbf9821a128b22c36"},
    {file = "cffi-1.17.1-cp39-cp39-manylinux_2_12_i686.manylinux2010_i686.manylinux_2_17_i686.manylinux2014_i686.whl", hash = "sha256:1d599671f396c4723d016dbddb72fe8e0397082b0a77a4fab8028923bec050e8"},
    {file = "cffi-1.17.1-cp39-cp39-manylinux_2_17_aarch64.manylinux2014_aarch64.whl", hash = "sha256:ca74b8dbe6e8e8263c0ffd60277de77dcee6c837a3d0881d8c1ead7268c9e576"},
    {file = "cffi-1.17.1-cp39-cp39-manylinux_2_17_ppc64le.manylinux2014_ppc64le.whl", hash = "sha256:f7f5baafcc48261359e14bcd6d9bff6d4b28d9103847c9e136694cb0501aef87"},
    {file = "cffi-1.17.1-cp39-cp39-manylinux_2_17_s390x.manylinux2014_s390x.whl", hash = "sha256:98e3969bcff97cae1b2def8ba499ea3d6f31ddfdb7635374834cf89a1a08ecf0"},
    {file = "cffi-1.17.1-cp39-cp39-manylinux_2_17_x86_64.manylinux2014_x86_64.whl", hash = "sha256:cdf5ce3acdfd1661132f2a9c19cac174758dc2352bfe37d98aa7512c6b7178b3"},
    {file = "cffi-1.17.1-cp39-cp39-musllinux_1_1_aarch64.whl", hash = "sha256:9755e4345d1ec879e3849e62222a18c7174d65a6a92d5b346b1863912168b595"},
    {file = "cffi-1.17.1-cp39-cp39-musllinux_1_1_i686.whl", hash = "sha256:f1e22e8c4419538cb197e4dd60acc919d7696e5ef98ee4da4e01d3f8cfa4cc5a"},
    {file = "cffi-1.17.1-cp39-cp39-musllinux_1_1_x86_64.whl", hash = "sha256:c03e868a0b3bc35839ba98e74211ed2b05d2119be4e8a0f224fba9384f1fe02e"},
    {file = "cffi-1.17.1-cp39-cp39-win32.whl", hash = "sha256:e31ae45bc2e29f6b2abd0de1cc3b9d5205aa847cafaecb8af1476a609a2f6eb7"},
    {file = "cffi-1.17.1-cp39-cp39-win_amd64.whl", hash = "sha256:d016c76bdd850f3c626af19b0542c9677ba156e4ee4fccfdd7848803533ef662"},
    {file = "cffi-1.17.1.tar.gz", hash = "sha256:1c39c6016c32bc48dd54561950ebd6836e1670f2ae46128f67cf49e789c52824"},
]

[package.dependencies]
pycparser = "*"

[[package]]
name = "crhelper"
version = "2.0.12"
description = "crhelper simplifies authoring CloudFormation Custom Resources"
optional = false
python-versions = "*"
files = [
    {file = "crhelper-2.0.12-py3-none-any.whl", hash = "sha256:8788941e94af8e5613f788a8723c0a9158e7139d663896e197acc65d1630f81c"},
    {file = "crhelper-2.0.12.tar.gz", hash = "sha256:74c8f9653d0a20578481fa12c3b0adce3484b134ed620556be0edde7890c740d"},
]

[[package]]
name = "cryptography"
version = "44.0.0"
description = "cryptography is a package which provides cryptographic recipes and primitives to Python developers."
optional = false
python-versions = "!=3.9.0,!=3.9.1,>=3.7"
files = [
    {file = "cryptography-44.0.0-cp37-abi3-macosx_10_9_universal2.whl", hash = "sha256:84111ad4ff3f6253820e6d3e58be2cc2a00adb29335d4cacb5ab4d4d34f2a123"},
    {file = "cryptography-44.0.0-cp37-abi3-manylinux_2_17_aarch64.manylinux2014_aarch64.whl", hash = "sha256:b15492a11f9e1b62ba9d73c210e2416724633167de94607ec6069ef724fad092"},
    {file = "cryptography-44.0.0-cp37-abi3-manylinux_2_17_x86_64.manylinux2014_x86_64.whl", hash = "sha256:831c3c4d0774e488fdc83a1923b49b9957d33287de923d58ebd3cec47a0ae43f"},
    {file = "cryptography-44.0.0-cp37-abi3-manylinux_2_28_aarch64.whl", hash = "sha256:761817a3377ef15ac23cd7834715081791d4ec77f9297ee694ca1ee9c2c7e5eb"},
    {file = "cryptography-44.0.0-cp37-abi3-manylinux_2_28_x86_64.whl", hash = "sha256:3c672a53c0fb4725a29c303be906d3c1fa99c32f58abe008a82705f9ee96f40b"},
    {file = "cryptography-44.0.0-cp37-abi3-manylinux_2_34_aarch64.whl", hash = "sha256:4ac4c9f37eba52cb6fbeaf5b59c152ea976726b865bd4cf87883a7e7006cc543"},
    {file = "cryptography-44.0.0-cp37-abi3-musllinux_1_2_aarch64.whl", hash = "sha256:ed3534eb1090483c96178fcb0f8893719d96d5274dfde98aa6add34614e97c8e"},
    {file = "cryptography-44.0.0-cp37-abi3-musllinux_1_2_x86_64.whl", hash = "sha256:f3f6fdfa89ee2d9d496e2c087cebef9d4fcbb0ad63c40e821b39f74bf48d9c5e"},
    {file = "cryptography-44.0.0-cp37-abi3-win32.whl", hash = "sha256:eb33480f1bad5b78233b0ad3e1b0be21e8ef1da745d8d2aecbb20671658b9053"},
    {file = "cryptography-44.0.0-cp37-abi3-win_amd64.whl", hash = "sha256:abc998e0c0eee3c8a1904221d3f67dcfa76422b23620173e28c11d3e626c21bd"},
    {file = "cryptography-44.0.0-cp39-abi3-macosx_10_9_universal2.whl", hash = "sha256:660cb7312a08bc38be15b696462fa7cc7cd85c3ed9c576e81f4dc4d8b2b31591"},
    {file = "cryptography-44.0.0-cp39-abi3-manylinux_2_17_aarch64.manylinux2014_aarch64.whl", hash = "sha256:1923cb251c04be85eec9fda837661c67c1049063305d6be5721643c22dd4e2b7"},
    {file = "cryptography-44.0.0-cp39-abi3-manylinux_2_17_x86_64.manylinux2014_x86_64.whl", hash = "sha256:404fdc66ee5f83a1388be54300ae978b2efd538018de18556dde92575e05defc"},
    {file = "cryptography-44.0.0-cp39-abi3-manylinux_2_28_aarch64.whl", hash = "sha256:c5eb858beed7835e5ad1faba59e865109f3e52b3783b9ac21e7e47dc5554e289"},
    {file = "cryptography-44.0.0-cp39-abi3-manylinux_2_28_x86_64.whl", hash = "sha256:f53c2c87e0fb4b0c00fa9571082a057e37690a8f12233306161c8f4b819960b7"},
    {file = "cryptography-44.0.0-cp39-abi3-manylinux_2_34_aarch64.whl", hash = "sha256:9e6fc8a08e116fb7c7dd1f040074c9d7b51d74a8ea40d4df2fc7aa08b76b9e6c"},
    {file = "cryptography-44.0.0-cp39-abi3-musllinux_1_2_aarch64.whl", hash = "sha256:d2436114e46b36d00f8b72ff57e598978b37399d2786fd39793c36c6d5cb1c64"},
    {file = "cryptography-44.0.0-cp39-abi3-musllinux_1_2_x86_64.whl", hash = "sha256:a01956ddfa0a6790d594f5b34fc1bfa6098aca434696a03cfdbe469b8ed79285"},
    {file = "cryptography-44.0.0-cp39-abi3-win32.whl", hash = "sha256:eca27345e1214d1b9f9490d200f9db5a874479be914199194e746c893788d417"},
    {file = "cryptography-44.0.0-cp39-abi3-win_amd64.whl", hash = "sha256:708ee5f1bafe76d041b53a4f95eb28cdeb8d18da17e597d46d7833ee59b97ede"},
    {file = "cryptography-44.0.0-pp310-pypy310_pp73-macosx_10_9_x86_64.whl", hash = "sha256:37d76e6863da3774cd9db5b409a9ecfd2c71c981c38788d3fcfaf177f447b731"},
    {file = "cryptography-44.0.0-pp310-pypy310_pp73-manylinux_2_28_aarch64.whl", hash = "sha256:f677e1268c4e23420c3acade68fac427fffcb8d19d7df95ed7ad17cdef8404f4"},
    {file = "cryptography-44.0.0-pp310-pypy310_pp73-manylinux_2_28_x86_64.whl", hash = "sha256:f5e7cb1e5e56ca0933b4873c0220a78b773b24d40d186b6738080b73d3d0a756"},
    {file = "cryptography-44.0.0-pp310-pypy310_pp73-manylinux_2_34_aarch64.whl", hash = "sha256:8b3e6eae66cf54701ee7d9c83c30ac0a1e3fa17be486033000f2a73a12ab507c"},
    {file = "cryptography-44.0.0-pp310-pypy310_pp73-manylinux_2_34_x86_64.whl", hash = "sha256:be4ce505894d15d5c5037167ffb7f0ae90b7be6f2a98f9a5c3442395501c32fa"},
    {file = "cryptography-44.0.0-pp310-pypy310_pp73-win_amd64.whl", hash = "sha256:62901fb618f74d7d81bf408c8719e9ec14d863086efe4185afd07c352aee1d2c"},
    {file = "cryptography-44.0.0.tar.gz", hash = "sha256:cd4e834f340b4293430701e772ec543b0fbe6c2dea510a5286fe0acabe153a02"},
]

[package.dependencies]
cffi = {version = ">=1.12", markers = "platform_python_implementation != \"PyPy\""}

[package.extras]
docs = ["sphinx (>=5.3.0)", "sphinx-rtd-theme (>=3.0.0)"]
docstest = ["pyenchant (>=3)", "readme-renderer (>=30.0)", "sphinxcontrib-spelling (>=7.3.1)"]
nox = ["nox (>=2024.4.15)", "nox[uv] (>=2024.3.2)"]
pep8test = ["check-sdist", "click (>=8.0.1)", "mypy (>=1.4)", "ruff (>=0.3.6)"]
sdist = ["build (>=1.0.0)"]
ssh = ["bcrypt (>=3.1.5)"]
test = ["certifi (>=2024)", "cryptography-vectors (==44.0.0)", "pretend (>=0.7)", "pytest (>=7.4.0)", "pytest-benchmark (>=4.0)", "pytest-cov (>=2.10.1)", "pytest-xdist (>=3.5.0)"]
test-randomorder = ["pytest-randomly"]

[[package]]
name = "jmespath"
version = "1.0.1"
description = "JSON Matching Expressions"
optional = false
python-versions = ">=3.7"
files = [
    {file = "jmespath-1.0.1-py3-none-any.whl", hash = "sha256:02e2e4cc71b5bcab88332eebf907519190dd9e6e82107fa7f83b1003a6252980"},
    {file = "jmespath-1.0.1.tar.gz", hash = "sha256:90261b206d6defd58fdd5e85f478bf633a2901798906be2ad389150c5c60edbe"},
]

[[package]]
name = "jsonpath-ng"
version = "1.7.0"
description = "A final implementation of JSONPath for Python that aims to be standard compliant, including arithmetic and binary comparison operators and providing clear AST for metaprogramming."
optional = false
python-versions = "*"
files = [
    {file = "jsonpath-ng-1.7.0.tar.gz", hash = "sha256:f6f5f7fd4e5ff79c785f1573b394043b39849fb2bb47bcead935d12b00beab3c"},
    {file = "jsonpath_ng-1.7.0-py2-none-any.whl", hash = "sha256:898c93fc173f0c336784a3fa63d7434297544b7198124a68f9a3ef9597b0ae6e"},
    {file = "jsonpath_ng-1.7.0-py3-none-any.whl", hash = "sha256:f3d7f9e848cba1b6da28c55b1c26ff915dc9e0b1ba7e752a53d6da8d5cbd00b6"},
]

[package.dependencies]
ply = "*"

[[package]]
name = "ply"
version = "3.11"
description = "Python Lex & Yacc"
optional = false
python-versions = "*"
files = [
    {file = "ply-3.11-py2.py3-none-any.whl", hash = "sha256:096f9b8350b65ebd2fd1346b12452efe5b9607f7482813ffca50c22722a807ce"},
    {file = "ply-3.11.tar.gz", hash = "sha256:00c7c1aaa88358b9c765b6d3000c6eec0ba42abca5351b095321aef446081da3"},
]

[[package]]
name = "pycparser"
version = "2.22"
description = "C parser in Python"
optional = false
python-versions = ">=3.8"
files = [
    {file = "pycparser-2.22-py3-none-any.whl", hash = "sha256:c3702b6d3dd8c7abc1afa565d7e63d53a1d0bd86cdc24edd75470f4de499cfcc"},
    {file = "pycparser-2.22.tar.gz", hash = "sha256:491c8be9c040f5390f5bf44a5b07752bd07f56edf992381b05c701439eec10f6"},
]

[[package]]
name = "python-dateutil"
version = "2.9.0.post0"
description = "Extensions to the standard Python datetime module"
optional = false
python-versions = "!=3.0.*,!=3.1.*,!=3.2.*,>=2.7"
files = [
    {file = "python-dateutil-2.9.0.post0.tar.gz", hash = "sha256:37dd54208da7e1cd875388217d5e00ebd4179249f90fb72437e91a35459a0ad3"},
    {file = "python_dateutil-2.9.0.post0-py2.py3-none-any.whl", hash = "sha256:a8b2bc7bffae282281c8140a97d3aa9c14da0b136dfe83f850eea9a5f7470427"},
]

[package.dependencies]
six = ">=1.5"

[[package]]
name = "s3transfer"
version = "0.10.4"
description = "An Amazon S3 Transfer Manager"
optional = false
python-versions = ">=3.8"
files = [
    {file = "s3transfer-0.10.4-py3-none-any.whl", hash = "sha256:244a76a24355363a68164241438de1b72f8781664920260c48465896b712a41e"},
    {file = "s3transfer-0.10.4.tar.gz", hash = "sha256:29edc09801743c21eb5ecbc617a152df41d3c287f67b615f73e5f750583666a7"},
]

[package.dependencies]
botocore = ">=1.33.2,<2.0a.0"

[package.extras]
crt = ["botocore[crt] (>=1.33.2,<2.0a.0)"]

[[package]]
name = "six"
version = "1.17.0"
description = "Python 2 and 3 compatibility utilities"
optional = false
python-versions = "!=3.0.*,!=3.1.*,!=3.2.*,>=2.7"
files = [
    {file = "six-1.17.0-py2.py3-none-any.whl", hash = "sha256:4721f391ed90541fddacab5acf947aa0d3dc7d27b2e1e8eda2be8970586c3274"},
    {file = "six-1.17.0.tar.gz", hash = "sha256:ff70335d468e7eb6ec65b95b99d3a2836546063f63acc5171de367e834932a81"},
]

[[package]]
name = "typing-extensions"
version = "4.12.2"
description = "Backported and Experimental Type Hints for Python 3.8+"
optional = false
python-versions = ">=3.8"
files = [
    {file = "typing_extensions-4.12.2-py3-none-any.whl", hash = "sha256:04e5ca0351e0f3f85c6853954072df659d0d13fac324d0072316b67d7794700d"},
    {file = "typing_extensions-4.12.2.tar.gz", hash = "sha256:1a7ead55c7e559dd4dee8856e3a88b41225abfe1ce8df57b7c13915fe121ffb8"},
]

[[package]]
name = "urllib3"
version = "2.3.0"
description = "HTTP library with thread-safe connection pooling, file post, and more."
optional = false
python-versions = ">=3.9"
files = [
    {file = "urllib3-2.3.0-py3-none-any.whl", hash = "sha256:1cee9ad369867bfdbbb48b7dd50374c0967a0bb7710050facf0dd6911440e3df"},
    {file = "urllib3-2.3.0.tar.gz", hash = "sha256:f8c5449b3cf0861679ce7e0503c7b44b5ec981bec0d1d3795a07f1ba96f0204d"},
]

[package.extras]
brotli = ["brotli (>=1.0.9)", "brotlicffi (>=0.8.0)"]
h2 = ["h2 (>=4,<5)"]
socks = ["pysocks (>=1.5.6,!=1.5.7,<2.0)"]
zstd = ["zstandard (>=0.18.0)"]

[[package]]
name = "wrapt"
version = "1.17.1"
description = "Module for decorators, wrappers and monkey patching."
optional = false
python-versions = ">=3.8"
files = [
    {file = "wrapt-1.17.1-cp310-cp310-macosx_10_9_x86_64.whl", hash = "sha256:9176057c60438c2ce2284cdefc2b3ee5eddc8c87cd6e24c558d9f5c64298fa4a"},
    {file = "wrapt-1.17.1-cp310-cp310-macosx_11_0_arm64.whl", hash = "sha256:e0f0e731e0ca1583befd3af71b9f90d64ded1535da7b80181cb9e907cc10bbae"},
    {file = "wrapt-1.17.1-cp310-cp310-manylinux_2_17_aarch64.manylinux2014_aarch64.whl", hash = "sha256:144ed42a4ec3aca5d6f1524f99ee49493bbd0d9c66c24da7ec44b4661dca4dcc"},
    {file = "wrapt-1.17.1-cp310-cp310-manylinux_2_5_i686.manylinux1_i686.manylinux_2_17_i686.manylinux2014_i686.whl", hash = "sha256:e8a7b0699a381226d81d75b48ea58414beb5891ba8982bdc8e42912f766de074"},
    {file = "wrapt-1.17.1-cp310-cp310-manylinux_2_5_x86_64.manylinux1_x86_64.manylinux_2_17_x86_64.manylinux2014_x86_64.whl", hash = "sha256:2b20fcef5a3ee410671a5a59472e1ff9dda21cfbe5dfd15e23ee4b99ac455c8e"},
    {file = "wrapt-1.17.1-cp310-cp310-musllinux_1_2_aarch64.whl", hash = "sha256:b9a58a1cbdc0588ed4c8ab0c191002d5d831a58c3bad88523fe471ea97eaf57d"},
    {file = "wrapt-1.17.1-cp310-cp310-musllinux_1_2_i686.whl", hash = "sha256:50bbfa7a92da7540426c774e09d6901e44d8f9b513b276ebae03ae244f0c6dbf"},
    {file = "wrapt-1.17.1-cp310-cp310-musllinux_1_2_x86_64.whl", hash = "sha256:09f5141599eaf36d6cc0b760ad87c2ab6b8618d009b2922639266676775a73a6"},
    {file = "wrapt-1.17.1-cp310-cp310-win32.whl", hash = "sha256:589f24449fd58508533c4a69b2a0f45e9e3419b86b43a0607e2fdb989c6f2552"},
    {file = "wrapt-1.17.1-cp310-cp310-win_amd64.whl", hash = "sha256:7eca3a1afa9820785b79cb137c68ca38c2f77cfedc3120115da42e1d5800907e"},
    {file = "wrapt-1.17.1-cp311-cp311-macosx_10_9_x86_64.whl", hash = "sha256:da0d0c1c4bd55f9ace919454776dbf0821f537b9a77f739f0c3e34b14728b3b3"},
    {file = "wrapt-1.17.1-cp311-cp311-macosx_11_0_arm64.whl", hash = "sha256:cd7649f0c493d35f9aad9790bbecd7b6fd2e2f7141f6cb1e1e9bb7a681d6d0a4"},
    {file = "wrapt-1.17.1-cp311-cp311-manylinux_2_17_aarch64.manylinux2014_aarch64.whl", hash = "sha256:0aad4f54b3155d673a5c4706a71a0a84f3d415b2fc8a2a399a964d70f18846a2"},
    {file = "wrapt-1.17.1-cp311-cp311-manylinux_2_5_i686.manylinux1_i686.manylinux_2_17_i686.manylinux2014_i686.whl", hash = "sha256:5ebea3ebb6a394f50f150a52e279508e91c8770625ac8fcb5d8cf35995a320f2"},
    {file = "wrapt-1.17.1-cp311-cp311-manylinux_2_5_x86_64.manylinux1_x86_64.manylinux_2_17_x86_64.manylinux2014_x86_64.whl", hash = "sha256:53e2986a65eba7c399d7ad1ccd204562d4ffe6e937344fe5a49eb5a83858f797"},
    {file = "wrapt-1.17.1-cp311-cp311-musllinux_1_2_aarch64.whl", hash = "sha256:67c30d3fe245adb0eb1061a0e526905970a0dabe7c5fba5078e0ee9d19f28167"},
    {file = "wrapt-1.17.1-cp311-cp311-musllinux_1_2_i686.whl", hash = "sha256:6fd88935b12b59a933ef45facb57575095f205d30d0ae8dd1a3b485bc4fa2fbd"},
    {file = "wrapt-1.17.1-cp311-cp311-musllinux_1_2_x86_64.whl", hash = "sha256:ec3e763e7ca8dcba0792fc3e8ff7061186f59e9aafe4438e6bb1f635a6ab0901"},
    {file = "wrapt-1.17.1-cp311-cp311-win32.whl", hash = "sha256:d792631942a102d6d4f71e4948aceb307310ac0a0af054be6d28b4f79583e0f1"},
    {file = "wrapt-1.17.1-cp311-cp311-win_amd64.whl", hash = "sha256:3dfd4738a630eddfcb7ff6c8e9fe863df3821f9c991dec73821e05450074ae09"},
    {file = "wrapt-1.17.1-cp312-cp312-macosx_10_13_x86_64.whl", hash = "sha256:b1a4c8edd038fee0ce67bf119b16eaa45d22a52bbaf7d0a17d2312eb0003b1bb"},
    {file = "wrapt-1.17.1-cp312-cp312-macosx_11_0_arm64.whl", hash = "sha256:181a844005c9818792212a32e004cb4c6bd8e35cae8e97b1a39a1918d95cef58"},
    {file = "wrapt-1.17.1-cp312-cp312-manylinux_2_17_aarch64.manylinux2014_aarch64.whl", hash = "sha256:21ffcf16f5c243a626b0f8da637948e3d5984e3bc0c1bc500ad990e88e974e3b"},
    {file = "wrapt-1.17.1-cp312-cp312-manylinux_2_5_i686.manylinux1_i686.manylinux_2_17_i686.manylinux2014_i686.whl", hash = "sha256:0eb33799b7582bb73787b9903b70595f8eff67eecc9455f668ed01adf53f9eea"},
    {file = "wrapt-1.17.1-cp312-cp312-manylinux_2_5_x86_64.manylinux1_x86_64.manylinux_2_17_x86_64.manylinux2014_x86_64.whl", hash = "sha256:57e932ad1908b53e9ad67a746432f02bc8473a9ee16e26a47645a2b224fba5fd"},
    {file = "wrapt-1.17.1-cp312-cp312-musllinux_1_2_aarch64.whl", hash = "sha256:b8bd35c15bc82c5cbe397e8196fa57a17ce5d3f30e925a6fd39e4c5bb02fdcff"},
    {file = "wrapt-1.17.1-cp312-cp312-musllinux_1_2_i686.whl", hash = "sha256:93018dbb956e0ad99ea2fa2c3c22f033549dcb1f56ad9f4555dfe25e49688c5d"},
    {file = "wrapt-1.17.1-cp312-cp312-musllinux_1_2_x86_64.whl", hash = "sha256:e5bd9186d52cf3d36bf1823be0e85297e4dbad909bc6dd495ce0d272806d84a7"},
    {file = "wrapt-1.17.1-cp312-cp312-win32.whl", hash = "sha256:d609f0ab0603bbcbf2de906b366b9f9bec75c32b4493550a940de658cc2ce512"},
    {file = "wrapt-1.17.1-cp312-cp312-win_amd64.whl", hash = "sha256:2c160bb8815787646b27a0c8575a26a4d6bf6abd7c5eb250ad3f2d38b29cb2cb"},
    {file = "wrapt-1.17.1-cp313-cp313-macosx_10_13_x86_64.whl", hash = "sha256:99e544e6ce26f89ad5acc6f407bc4daf7c1d42321e836f5c768f834100bdf35c"},
    {file = "wrapt-1.17.1-cp313-cp313-macosx_11_0_arm64.whl", hash = "sha256:78da796b74f2c8e0af021ee99feb3bff7cb46f8e658fe25c20e66be1080db4a2"},
    {file = "wrapt-1.17.1-cp313-cp313-manylinux_2_17_aarch64.manylinux2014_aarch64.whl", hash = "sha256:2f1bc359f6c52e53565e7af24b423e7a1eea97d155f38ac9e90e95303514710b"},
    {file = "wrapt-1.17.1-cp313-cp313-manylinux_2_5_i686.manylinux1_i686.manylinux_2_17_i686.manylinux2014_i686.whl", hash = "sha256:cbead724daa13cae46e8ab3bb24938d8514d123f34345535b184f3eb1b7ad717"},
    {file = "wrapt-1.17.1-cp313-cp313-manylinux_2_5_x86_64.manylinux1_x86_64.manylinux_2_17_x86_64.manylinux2014_x86_64.whl", hash = "sha256:bdf7b0e3d3713331c0bb9daac47cd10e5aa60d060e53696f50de4e560bd5617f"},
    {file = "wrapt-1.17.1-cp313-cp313-musllinux_1_2_aarch64.whl", hash = "sha256:f17e8d926f63aed65ff949682c922f96d00f65c2e852c24272232313fa7823d5"},
    {file = "wrapt-1.17.1-cp313-cp313-musllinux_1_2_i686.whl", hash = "sha256:9e04f3bd30e0b23c0ca7e1d4084e7d28b6d7d2feb8b7bc69b496fe881280579b"},
    {file = "wrapt-1.17.1-cp313-cp313-musllinux_1_2_x86_64.whl", hash = "sha256:5660e470edfa15ae7ef407272c642d29e9962777a6b30bfa8fc0da2173dc9afd"},
    {file = "wrapt-1.17.1-cp313-cp313-win32.whl", hash = "sha256:a992f9e019145e84616048556546edeaba68e05e1c1ffbe8391067a63cdadb0c"},
    {file = "wrapt-1.17.1-cp313-cp313-win_amd64.whl", hash = "sha256:5c2e24ba455af4b0a237a890ea6ed9bafd01fac2c47095f87c53ea3344215d43"},
    {file = "wrapt-1.17.1-cp313-cp313t-macosx_10_13_x86_64.whl", hash = "sha256:88623fd957ba500d8bb0f7427a76496d99313ca2f9e932481c0882e034cf1add"},
    {file = "wrapt-1.17.1-cp313-cp313t-macosx_11_0_arm64.whl", hash = "sha256:162d5f15bdd3b8037e06540902227ef9e0f298496c0afaadd9e2875851446693"},
    {file = "wrapt-1.17.1-cp313-cp313t-manylinux_2_17_aarch64.manylinux2014_aarch64.whl", hash = "sha256:6bb82447ddae4e3d9b51f40c494f66e6cbd8fb0e8e8b993678416535c67f9a0d"},
    {file = "wrapt-1.17.1-cp313-cp313t-manylinux_2_5_i686.manylinux1_i686.manylinux_2_17_i686.manylinux2014_i686.whl", hash = "sha256:6ce4cff3922707048d754e365c4ebf41a3bcbf29b329349bf85d51873c7c7e9e"},
    {file = "wrapt-1.17.1-cp313-cp313t-manylinux_2_5_x86_64.manylinux1_x86_64.manylinux_2_17_x86_64.manylinux2014_x86_64.whl", hash = "sha256:0fdc4e73a3fa0c25eed4d836d9732226f0326957cb075044a7f252b465299433"},
    {file = "wrapt-1.17.1-cp313-cp313t-musllinux_1_2_aarch64.whl", hash = "sha256:bca1c0824f824bcd97b4b179dd55dcad1dab419252be2b2faebbcacefa3b27b2"},
    {file = "wrapt-1.17.1-cp313-cp313t-musllinux_1_2_i686.whl", hash = "sha256:6d44b14f3a2f6343a07c90344850b7af5515538ce3a5d01f9c87d8bae9bd8724"},
    {file = "wrapt-1.17.1-cp313-cp313t-musllinux_1_2_x86_64.whl", hash = "sha256:169033329022739c6f0d8cd3031a113953b0ba500f3d5978904bdd40baec4568"},
    {file = "wrapt-1.17.1-cp313-cp313t-win32.whl", hash = "sha256:52f0907287d9104112dbebda46af4db0793fcc4c64c8a867099212d116b6db64"},
    {file = "wrapt-1.17.1-cp313-cp313t-win_amd64.whl", hash = "sha256:7966f98fa36933333d8a1c3d8552aa3d0735001901a4aabcfbd5a502b4ef14fe"},
    {file = "wrapt-1.17.1-cp38-cp38-macosx_10_9_x86_64.whl", hash = "sha256:27a49f217839bf559d436308bae8fc4a9dd0ac98ffdb9d6aeb3f00385b0fb72c"},
    {file = "wrapt-1.17.1-cp38-cp38-macosx_11_0_arm64.whl", hash = "sha256:50a4e3b45e62b1ccb96b3fc0e427f1b458ff2e0def34ae084de88418157a09d1"},
    {file = "wrapt-1.17.1-cp38-cp38-manylinux_2_17_aarch64.manylinux2014_aarch64.whl", hash = "sha256:30c0c08434fe2af6e40c5c75c036d7e3c7e7f499079fc479e740d9586b09fb0d"},
    {file = "wrapt-1.17.1-cp38-cp38-manylinux_2_5_i686.manylinux1_i686.manylinux_2_17_i686.manylinux2014_i686.whl", hash = "sha256:15f96fe5e2efdc613983327240ae89cf6368c07eeb0f194d240e9549aa1ea739"},
    {file = "wrapt-1.17.1-cp38-cp38-manylinux_2_5_x86_64.manylinux1_x86_64.manylinux_2_17_x86_64.manylinux2014_x86_64.whl", hash = "sha256:14f78f8c313884f889c6696af62aa881af302a989a7c0df398d2b541fa53e8a9"},
    {file = "wrapt-1.17.1-cp38-cp38-musllinux_1_2_aarch64.whl", hash = "sha256:d87334b521ab0e2564902c0b10039dee8670485e9d397fe97c34b88801f474f7"},
    {file = "wrapt-1.17.1-cp38-cp38-musllinux_1_2_i686.whl", hash = "sha256:97eaff096fcb467e0f486f3bf354c1072245c2045859d71ba71158717ec97dcc"},
    {file = "wrapt-1.17.1-cp38-cp38-musllinux_1_2_x86_64.whl", hash = "sha256:13887d1415dc0e213a9adeb9026ae1f427023f77110d988fbd478643490aa40c"},
    {file = "wrapt-1.17.1-cp38-cp38-win32.whl", hash = "sha256:823a262d967cbdf835787039b873ff551e36c14658bdc2e43267968b67f61f88"},
    {file = "wrapt-1.17.1-cp38-cp38-win_amd64.whl", hash = "sha256:889587664d245dae75c752b643061f922e8a590d43a4cd088eca415ca83f2d13"},
    {file = "wrapt-1.17.1-cp39-cp39-macosx_10_9_x86_64.whl", hash = "sha256:997e8f9b984e4263993d3baf3329367e7c7673b63789bc761718a6f9ed68653d"},
    {file = "wrapt-1.17.1-cp39-cp39-macosx_11_0_arm64.whl", hash = "sha256:bac64f57a5a7926ebc9ab519fb9eba1fc6dcd1f65d7f45937b2ce38da65c2270"},
    {file = "wrapt-1.17.1-cp39-cp39-manylinux_2_17_aarch64.manylinux2014_aarch64.whl", hash = "sha256:a7aa07603d67007c15b33d20095cc9276f3e127bfb1b8106b3e84ec6907d137e"},
    {file = "wrapt-1.17.1-cp39-cp39-manylinux_2_5_i686.manylinux1_i686.manylinux_2_17_i686.manylinux2014_i686.whl", hash = "sha256:c53ef8936c4d587cb96bb1cf0d076e822fa38266c2b646837ef60465da8db22e"},
    {file = "wrapt-1.17.1-cp39-cp39-manylinux_2_5_x86_64.manylinux1_x86_64.manylinux_2_17_x86_64.manylinux2014_x86_64.whl", hash = "sha256:e72053cc4706dac537d5a772135dc3e1de5aff52883f49994c1757c1b2dc9db2"},
    {file = "wrapt-1.17.1-cp39-cp39-musllinux_1_2_aarch64.whl", hash = "sha256:0ee037e4cc9d039efe712b13c483f4efa2c3499642369e01570b3bb1842eea3f"},
    {file = "wrapt-1.17.1-cp39-cp39-musllinux_1_2_i686.whl", hash = "sha256:20888d886186d19eab53816db2e615950b1ce7dbd5c239107daf2c8a6a4a03c6"},
    {file = "wrapt-1.17.1-cp39-cp39-musllinux_1_2_x86_64.whl", hash = "sha256:1c119802ae432b8c5d55dd5253825d09c1dca1c97ffc7b32c53ecdb348712f64"},
    {file = "wrapt-1.17.1-cp39-cp39-win32.whl", hash = "sha256:3260178f3bc006acae93378bfd6dbf33c9249de93cc1b78d8cc7b7416f4ea99a"},
    {file = "wrapt-1.17.1-cp39-cp39-win_amd64.whl", hash = "sha256:18fb16fb6bb75f4ec6272829007f3129a9a5264d0230372f9651e5f75cfec552"},
    {file = "wrapt-1.17.1-py3-none-any.whl", hash = "sha256:f3117feb1fc479eaf84b549d3f229d5d2abdb823f003bc2a1c6dd70072912fa0"},
    {file = "wrapt-1.17.1.tar.gz", hash = "sha256:16b2fdfa09a74a3930175b6d9d7d008022aa72a4f02de2b3eecafcc1adfd3cfe"},
]

[metadata]
lock-version = "2.0"
python-versions = "^3.11"
content-hash = "459143c5e340542c560cd253e3b0c626638c102e44f2d3bab012e738c33eba1a"
